{
  "requires": true,
  "lockfileVersion": 1,
  "dependencies": {
    "cytoscape-popper": {
      "version": "1.0.1",
      "resolved": "https://registry.npmjs.org/cytoscape-popper/-/cytoscape-popper-1.0.1.tgz",
      "integrity": "sha512-TW1BWgD0z7n9WIur2bcyI82U2hfV4qoZG/jBMFd7+n6FOCLEdfBW69SNtf+jMzy8S8qkbzn8glFaCRvrBsdZxA==",
      "requires": {
        "popper.js": "1.14.3"
      }
    },
    "popper.js": {
      "version": "1.14.3",
      "resolved": "https://registry.npmjs.org/popper.js/-/popper.js-1.14.3.tgz",
      "integrity": "sha1-FDj5jQRqz3tNeM1QK/QYrGTU8JU="
    }
  }
}
